{
  "name": "jay-claude-plugins",
  "version": "0.1.0",
  "lockfileVersion": 3,
  "requires": true,
  "packages": {
    "": {
      "name": "jay-claude-plugins",
      "version": "0.1.0",
      "license": "MIT",
      "workspaces": [
        "plugins/*"
      ]
    },
    "node_modules/pixijs-claude-plugin": {
      "resolved": "plugins/pixijs",
      "link": true
    },
    "node_modules/web-craft-claude-plugin": {
      "resolved": "plugins/web-craft",
      "link": true
    },
    "plugins/pixijs": {
      "name": "pixijs-claude-plugin",
      "version": "0.1.0",
      "license": "MIT"
    },
    "plugins/web-craft": {
      "name": "web-craft-claude-plugin",
      "version": "0.1.0",
      "license": "MIT"
    }
  }
}
